
Microsoft Visual Studio Solution File, Format Version 12.00
# Visual Studio Version 17
VisualStudioVersion = 17.9.34728.123
MinimumVisualStudioVersion = 10.0.40219.1
Project("{FAE04EC0-301F-11D3-BF4B-00C04F79EFBC}") = "Algoritimos", "Algoritimos\Algoritimos.csproj", "{804D2EC4-C6A1-4EF9-B786-0BF9C5EB0F02}"
EndProject
Global
	GlobalSection(SolutionConfigurationPlatforms) = preSolution
		Debug|Any CPU = Debug|Any CPU
		Release|Any CPU = Release|Any CPU
	EndGlobalSection
	GlobalSection(ProjectConfigurationPlatforms) = postSolution
		{804D2EC4-C6A1-4EF9-B786-0BF9C5EB0F02}.Debug|Any CPU.ActiveCfg = Debug|Any CPU
		{804D2EC4-C6A1-4EF9-B786-0BF9C5EB0F02}.Debug|Any CPU.Build.0 = Debug|Any CPU
		{804D2EC4-C6A1-4EF9-B786-0BF9C5EB0F02}.Release|Any CPU.ActiveCfg = Release|Any CPU
		{804D2EC4-C6A1-4EF9-B786-0BF9C5EB0F02}.Release|Any CPU.Build.0 = Release|Any CPU
	EndGlobalSection
	GlobalSection(SolutionProperties) = preSolution
		HideSolutionNode = FALSE
	EndGlobalSection
	GlobalSection(ExtensibilityGlobals) = postSolution
		SolutionGuid = {2C17B4D0-795A-41B0-B500-60E419F826DD}
	EndGlobalSection
EndGlobal
